// !$*UTF8*$!
{
	archiveVersion = 1;
	classes = {
	};
	objectVersion = 46;
	objects = {

/* Begin PBXBuildFile section */
		65766BF11AEB950600B48986 /* Abacus.m in Sources */ = {isa = PBXBuildFile; fileRef = 65766BF01AEB950600B48986 /* Abacus.m */; };
		65766BF41AEB9FA300B48986 /* Bead.m in Sources */ = {isa = PBXBuildFile; fileRef = 65766BF31AEB9FA300B48986 /* Bead.m */; };
		65766BF71AEBA74A00B48986 /* BeadData.m in Sources */ = {isa = PBXBuildFile; fileRef = 65766BF61AEBA74A00B48986 /* BeadData.m */; };
		65C001311AEB2C5200B3D6BF /* main.m in Sources */ = {isa = PBXBuildFile; fileRef = 65C001301AEB2C5200B3D6BF /* main.m */; };
		65C001341AEB2C5200B3D6BF /* AppDelegate.m in Sources */ = {isa = PBXBuildFile; fileRef = 65C001331AEB2C5200B3D6BF /* AppDelegate.m */; };
		65C001371AEB2C5200B3D6BF /* GameScene.m in Sources */ = {isa = PBXBuildFile; fileRef = 65C001361AEB2C5200B3D6BF /* GameScene.m */; };
		65C001391AEB2C5200B3D6BF /* GameScene.sks in Resources */ = {isa = PBXBuildFile; fileRef = 65C001381AEB2C5200B3D6BF /* GameScene.sks */; };
		65C0013C1AEB2C5200B3D6BF /* GameViewController.m in Sources */ = {isa = PBXBuildFile; fileRef = 65C0013B1AEB2C5200B3D6BF /* GameViewController.m */; };
		65C0013F1AEB2C5200B3D6BF /* Main.storyboard in Resources */ = {isa = PBXBuildFile; fileRef = 65C0013D1AEB2C5200B3D6BF /* Main.storyboard */; };
		65C001411AEB2C5200B3D6BF /* Images.xcassets in Resources */ = {isa = PBXBuildFile; fileRef = 65C001401AEB2C5200B3D6BF /* Images.xcassets */; };
		65C001441AEB2C5200B3D6BF /* LaunchScreen.xib in Resources */ = {isa = PBXBuildFile; fileRef = 65C001421AEB2C5200B3D6BF /* LaunchScreen.xib */; };
		65C001501AEB2C5200B3D6BF /* sampleGameTests.m in Sources */ = {isa = PBXBuildFile; fileRef = 65C0014F1AEB2C5200B3D6BF /* sampleGameTests.m */; };
/* End PBXBuildFile section */

/* Begin PBXContainerItemProxy section */
		65C0014A1AEB2C5200B3D6BF /* PBXContainerItemProxy */ = {
			isa = PBXContainerItemProxy;
			containerPortal = 65C001231AEB2C5100B3D6BF /* Project object */;
			proxyType = 1;
			remoteGlobalIDString = 65C0012A1AEB2C5200B3D6BF;
			remoteInfo = sampleGame;
		};
/* End PBXContainerItemProxy section */

/* Begin PBXFileReference section */
		65766BEF1AEB950600B48986 /* Abacus.h */ = {isa = PBXFileReference; fileEncoding = 4; lastKnownFileType = sourcecode.c.h; path = Abacus.h; sourceTree = "<group>"; };
		65766BF01AEB950600B48986 /* Abacus.m */ = {isa = PBXFileReference; fileEncoding = 4; lastKnownFileType = sourcecode.c.objc; path = Abacus.m; sourceTree = "<group>"; };
		65766BF21AEB9FA300B48986 /* Bead.h */ = {isa = PBXFileReference; fileEncoding = 4; lastKnownFileType = sourcecode.c.h; path = Bead.h; sourceTree = "<group>"; };
		65766BF31AEB9FA300B48986 /* Bead.m */ = {isa = PBXFileReference; fileEncoding = 4; lastKnownFileType = sourcecode.c.objc; path = Bead.m; sourceTree = "<group>"; };
		65766BF51AEBA74A00B48986 /* BeadData.h */ = {isa = PBXFileReference; fileEncoding = 4; lastKnownFileType = sourcecode.c.h; path = BeadData.h; sourceTree = "<group>"; };
		65766BF61AEBA74A00B48986 /* BeadData.m */ = {isa = PBXFileReference; fileEncoding = 4; lastKnownFileType = sourcecode.c.objc; path = BeadData.m; sourceTree = "<group>"; };
		65C0012B1AEB2C5200B3D6BF /* sampleGame.app */ = {isa = PBXFileReference; explicitFileType = wrapper.application; includeInIndex = 0; path = sampleGame.app; sourceTree = BUILT_PRODUCTS_DIR; };
		65C0012F1AEB2C5200B3D6BF /* Info.plist */ = {isa = PBXFileReference; lastKnownFileType = text.plist.xml; path = Info.plist; sourceTree = "<group>"; };
		65C001301AEB2C5200B3D6BF /* main.m */ = {isa = PBXFileReference; lastKnownFileType = sourcecode.c.objc; path = main.m; sourceTree = "<group>"; };
		65C001321AEB2C5200B3D6BF /* AppDelegate.h */ = {isa = PBXFileReference; lastKnownFileType = sourcecode.c.h; path = AppDelegate.h; sourceTree = "<group>"; };
		65C001331AEB2C5200B3D6BF /* AppDelegate.m */ = {isa = PBXFileReference; lastKnownFileType = sourcecode.c.objc; path = AppDelegate.m; sourceTree = "<group>"; };
		65C001351AEB2C5200B3D6BF /* GameScene.h */ = {isa = PBXFileReference; lastKnownFileType = sourcecode.c.h; path = GameScene.h; sourceTree = "<group>"; };
		65C001361AEB2C5200B3D6BF /* GameScene.m */ = {isa = PBXFileReference; lastKnownFileType = sourcecode.c.objc; path = GameScene.m; sourceTree = "<group>"; };
		65C001381AEB2C5200B3D6BF /* GameScene.sks */ = {isa = PBXFileReference; lastKnownFileType = file.sks; path = GameScene.sks; sourceTree = "<group>"; };
		65C0013A1AEB2C5200B3D6BF /* GameViewController.h */ = {isa = PBXFileReference; lastKnownFileType = sourcecode.c.h; path = GameViewController.h; sourceTree = "<group>"; };
		65C0013B1AEB2C5200B3D6BF /* GameViewController.m */ = {isa = PBXFileReference; lastKnownFileType = sourcecode.c.objc; path = GameViewController.m; sourceTree = "<group>"; };
		65C0013E1AEB2C5200B3D6BF /* Base */ = {isa = PBXFileReference; lastKnownFileType = file.storyboard; name = Base; path = Base.lproj/Main.storyboard; sourceTree = "<group>"; };
		65C001401AEB2C5200B3D6BF /* Images.xcassets */ = {isa = PBXFileReference; lastKnownFileType = folder.assetcatalog; path = Images.xcassets; sourceTree = "<group>"; };
		65C001431AEB2C5200B3D6BF /* Base */ = {isa = PBXFileReference; lastKnownFileType = file.xib; name = Base; path = Base.lproj/LaunchScreen.xib; sourceTree = "<group>"; };
		65C001491AEB2C5200B3D6BF /* sampleGameTests.xctest */ = {isa = PBXFileReference; explicitFileType = wrapper.cfbundle; includeInIndex = 0; path = sampleGameTests.xctest; sourceTree = BUILT_PRODUCTS_DIR; };
		65C0014E1AEB2C5200B3D6BF /* Info.plist */ = {isa = PBXFileReference; lastKnownFileType = text.plist.xml; path = Info.plist; sourceTree = "<group>"; };
		65C0014F1AEB2C5200B3D6BF /* sampleGameTests.m */ = {isa = PBXFileReference; lastKnownFileType = sourcecode.c.objc; path = sampleGameTests.m; sourceTree = "<group>"; };
/* End PBXFileReference section */

/* Begin PBXFrameworksBuildPhase section */
		65C001281AEB2C5200B3D6BF /* Frameworks */ = {
			isa = PBXFrameworksBuildPhase;
			buildActionMask = 2147483647;
			files = (
			);
			runOnlyForDeploymentPostprocessing = 0;
		};
		65C001461AEB2C5200B3D6BF /* Frameworks */ = {
			isa = PBXFrameworksBuildPhase;
			buildActionMask = 2147483647;
			files = (
			);
			runOnlyForDeploymentPostprocessing = 0;
		};
/* End PBXFrameworksBuildPhase section */

/* Begin PBXGroup section */
		65C001221AEB2C5100B3D6BF = {
			isa = PBXGroup;
			children = (
				65C0012D1AEB2C5200B3D6BF /* sampleGame */,
				65C0014C1AEB2C5200B3D6BF /* sampleGameTests */,
				65C0012C1AEB2C5200B3D6BF /* Products */,
			);
			sourceTree = "<group>";
		};
		65C0012C1AEB2C5200B3D6BF /* Products */ = {
			isa = PBXGroup;
			children = (
				65C0012B1AEB2C5200B3D6BF /* sampleGame.app */,
				65C001491AEB2C5200B3D6BF /* sampleGameTests.xctest */,
			);
			name = Products;
			sourceTree = "<group>";
		};
		65C0012D1AEB2C5200B3D6BF /* sampleGame */ = {
			isa = PBXGroup;
			children = (
				65C001321AEB2C5200B3D6BF /* AppDelegate.h */,
				65C001331AEB2C5200B3D6BF /* AppDelegate.m */,
				65C001351AEB2C5200B3D6BF /* GameScene.h */,
				65C001361AEB2C5200B3D6BF /* GameScene.m */,
				65766BF21AEB9FA300B48986 /* Bead.h */,
				65766BF31AEB9FA300B48986 /* Bead.m */,
				65766BEF1AEB950600B48986 /* Abacus.h */,
				65766BF01AEB950600B48986 /* Abacus.m */,
				65C001381AEB2C5200B3D6BF /* GameScene.sks */,
				65C0013A1AEB2C5200B3D6BF /* GameViewController.h */,
				65C0013B1AEB2C5200B3D6BF /* GameViewController.m */,
				65766BF51AEBA74A00B48986 /* BeadData.h */,
				65766BF61AEBA74A00B48986 /* BeadData.m */,
				65C0013D1AEB2C5200B3D6BF /* Main.storyboard */,
				65C001401AEB2C5200B3D6BF /* Images.xcassets */,
				65C001421AEB2C5200B3D6BF /* LaunchScreen.xib */,
				65C0012E1AEB2C5200B3D6BF /* Supporting Files */,
			);
			path = sampleGame;
			sourceTree = "<group>";
		};
		65C0012E1AEB2C5200B3D6BF /* Supporting Files */ = {
			isa = PBXGroup;
			children = (
				65C0012F1AEB2C5200B3D6BF /* Info.plist */,
				65C001301AEB2C5200B3D6BF /* main.m */,
			);
			name = "Supporting Files";
			sourceTree = "<group>";
		};
		65C0014C1AEB2C5200B3D6BF /* sampleGameTests */ = {
			isa = PBXGroup;
			children = (
				65C0014F1AEB2C5200B3D6BF /* sampleGameTests.m */,
				65C0014D1AEB2C5200B3D6BF /* Supporting Files */,
			);
			path = sampleGameTests;
			sourceTree = "<group>";
		};
		65C0014D1AEB2C5200B3D6BF /* Supporting Files */ = {
			isa = PBXGroup;
			children = (
				65C0014E1AEB2C5200B3D6BF /* Info.plist */,
			);
			name = "Supporting Files";
			sourceTree = "<group>";
		};
/* End PBXGroup section */

/* Begin PBXNativeTarget section */
		65C0012A1AEB2C5200B3D6BF /* sampleGame */ = {
			isa = PBXNativeTarget;
			buildConfigurationList = 65C001531AEB2C5200B3D6BF /* Build configuration list for PBXNativeTarget "sampleGame" */;
			buildPhases = (
				65C001271AEB2C5200B3D6BF /* Sources */,
				65C001281AEB2C5200B3D6BF /* Frameworks */,
				65C001291AEB2C5200B3D6BF /* Resources */,
			);
			buildRules = (
			);
			dependencies = (
			);
			name = sampleGame;
			productName = sampleGame;
			productReference = 65C0012B1AEB2C5200B3D6BF /* sampleGame.app */;
			productType = "com.apple.product-type.application";
		};
		65C001481AEB2C5200B3D6BF /* sampleGameTests */ = {
			isa = PBXNativeTarget;
			buildConfigurationList = 65C001561AEB2C5200B3D6BF /* Build configuration list for PBXNativeTarget "sampleGameTests" */;
			buildPhases = (
				65C001451AEB2C5200B3D6BF /* Sources */,
				65C001461AEB2C5200B3D6BF /* Frameworks */,
				65C001471AEB2C5200B3D6BF /* Resources */,
			);
			buildRules = (
			);
			dependencies = (
				65C0014B1AEB2C5200B3D6BF /* PBXTargetDependency */,
			);
			name = sampleGameTests;
			productName = sampleGameTests;
			productReference = 65C001491AEB2C5200B3D6BF /* sampleGameTests.xctest */;
			productType = "com.apple.product-type.bundle.unit-test";
		};
/* End PBXNativeTarget section */

/* Begin PBXProject section */
		65C001231AEB2C5100B3D6BF /* Project object */ = {
			isa = PBXProject;
			attributes = {
				LastUpgradeCheck = 0630;
				ORGANIZATIONNAME = "Katrina DeVaney";
				TargetAttributes = {
					65C0012A1AEB2C5200B3D6BF = {
						CreatedOnToolsVersion = 6.3;
					};
					65C001481AEB2C5200B3D6BF = {
						CreatedOnToolsVersion = 6.3;
						TestTargetID = 65C0012A1AEB2C5200B3D6BF;
					};
				};
			};
			buildConfigurationList = 65C001261AEB2C5100B3D6BF /* Build configuration list for PBXProject "sampleGame" */;
			compatibilityVersion = "Xcode 3.2";
			developmentRegion = English;
			hasScannedForEncodings = 0;
			knownRegions = (
				en,
				Base,
			);
			mainGroup = 65C001221AEB2C5100B3D6BF;
			productRefGroup = 65C0012C1AEB2C5200B3D6BF /* Products */;
			projectDirPath = "";
			projectRoot = "";
			targets = (
				65C0012A1AEB2C5200B3D6BF /* sampleGame */,
				65C001481AEB2C5200B3D6BF /* sampleGameTests */,
			);
		};
/* End PBXProject section */

/* Begin PBXResourcesBuildPhase section */
		65C001291AEB2C5200B3D6BF /* Resources */ = {
			isa = PBXResourcesBuildPhase;
			buildActionMask = 2147483647;
			files = (
				65C001441AEB2C5200B3D6BF /* LaunchScreen.xib in Resources */,
				65C001411AEB2C5200B3D6BF /* Images.xcassets in Resources */,
				65C001391AEB2C5200B3D6BF /* GameScene.sks in Resources */,
				65C0013F1AEB2C5200B3D6BF /* Main.storyboard in Resources */,
			);
			runOnlyForDeploymentPostprocessing = 0;
		};
		65C001471AEB2C5200B3D6BF /* Resources */ = {
			isa = PBXResourcesBuildPhase;
			buildActionMask = 2147483647;
			files = (
			);
			runOnlyForDeploymentPostprocessing = 0;
		};
/* End PBXResourcesBuildPhase section */

/* Begin PBXSourcesBuildPhase section */
		65C001271AEB2C5200B3D6BF /* Sources */ = {
			isa = PBXSourcesBuildPhase;
			buildActionMask = 2147483647;
			files = (
				65766BF71AEBA74A00B48986 /* BeadData.m in Sources */,
				65C0013C1AEB2C5200B3D6BF /* GameViewController.m in Sources */,
				65766BF41AEB9FA300B48986 /* Bead.m in Sources */,
				65C001341AEB2C5200B3D6BF /* AppDelegate.m in Sources */,
				65C001371AEB2C5200B3D6BF /* GameScene.m in Sources */,
				65766BF11AEB950600B48986 /* Abacus.m in Sources */,
				65C001311AEB2C5200B3D6BF /* main.m in Sources */,
			);
			runOnlyForDeploymentPostprocessing = 0;
		};
		65C001451AEB2C5200B3D6BF /* Sources */ = {
			isa = PBXSourcesBuildPhase;
			buildActionMask = 2147483647;
			files = (
				65C001501AEB2C5200B3D6BF /* sampleGameTests.m in Sources */,
			);
			runOnlyForDeploymentPostprocessing = 0;
		};
/* End PBXSourcesBuildPhase section */

/* Begin PBXTargetDependency section */
		65C0014B1AEB2C5200B3D6BF /* PBXTargetDependency */ = {
			isa = PBXTargetDependency;
			target = 65C0012A1AEB2C5200B3D6BF /* sampleGame */;
			targetProxy = 65C0014A1AEB2C5200B3D6BF /* PBXContainerItemProxy */;
		};
/* End PBXTargetDependency section */

/* Begin PBXVariantGroup section */
		65C0013D1AEB2C5200B3D6BF /* Main.storyboard */ = {
			isa = PBXVariantGroup;
			children = (
				65C0013E1AEB2C5200B3D6BF /* Base */,
			);
			name = Main.storyboard;
			sourceTree = "<group>";
		};
		65C001421AEB2C5200B3D6BF /* LaunchScreen.xib */ = {
			isa = PBXVariantGroup;
			children = (
				65C001431AEB2C5200B3D6BF /* Base */,
			);
			name = LaunchScreen.xib;
			sourceTree = "<group>";
		};
/* End PBXVariantGroup section */

/* Begin XCBuildConfiguration section */
		65C001511AEB2C5200B3D6BF /* Debug */ = {
			isa = XCBuildConfiguration;
			buildSettings = {
				ALWAYS_SEARCH_USER_PATHS = NO;
				CLANG_CXX_LANGUAGE_STANDARD = "gnu++0x";
				CLANG_CXX_LIBRARY = "libc++";
				CLANG_ENABLE_MODULES = YES;
				CLANG_ENABLE_OBJC_ARC = YES;
				CLANG_WARN_BOOL_CONVERSION = YES;
				CLANG_WARN_CONSTANT_CONVERSION = YES;
				CLANG_WARN_DIRECT_OBJC_ISA_USAGE = YES_ERROR;
				CLANG_WARN_EMPTY_BODY = YES;
				CLANG_WARN_ENUM_CONVERSION = YES;
				CLANG_WARN_INT_CONVERSION = YES;
				CLANG_WARN_OBJC_ROOT_CLASS = YES_ERROR;
				CLANG_WARN_UNREACHABLE_CODE = YES;
				CLANG_WARN__DUPLICATE_METHOD_MATCH = YES;
				"CODE_SIGN_IDENTITY[sdk=iphoneos*]" = "iPhone Developer";
				COPY_PHASE_STRIP = NO;
				DEBUG_INFORMATION_FORMAT = "dwarf-with-dsym";
				ENABLE_STRICT_OBJC_MSGSEND = YES;
				GCC_C_LANGUAGE_STANDARD = gnu99;
				GCC_DYNAMIC_NO_PIC = NO;
				GCC_NO_COMMON_BLOCKS = YES;
				GCC_OPTIMIZATION_LEVEL = 0;
				GCC_PREPROCESSOR_DEFINITIONS = (
					"DEBUG=1",
					"$(inherited)",
				);
				GCC_SYMBOLS_PRIVATE_EXTERN = NO;
				GCC_WARN_64_TO_32_BIT_CONVERSION = YES;
				GCC_WARN_ABOUT_RETURN_TYPE = YES_ERROR;
				GCC_WARN_UNDECLARED_SELECTOR = YES;
				GCC_WARN_UNINITIALIZED_AUTOS = YES_AGGRESSIVE;
				GCC_WARN_UNUSED_FUNCTION = YES;
				GCC_WARN_UNUSED_VARIABLE = YES;
				IPHONEOS_DEPLOYMENT_TARGET = 8.3;
				MTL_ENABLE_DEBUG_INFO = YES;
				ONLY_ACTIVE_ARCH = YES;
				SDKROOT = iphoneos;
				TARGETED_DEVICE_FAMILY = "1,2";
			};
			name = Debug;
		};
		65C001521AEB2C5200B3D6BF /* Release */ = {
			isa = XCBuildConfiguration;
			buildSettings = {
				ALWAYS_SEARCH_USER_PATHS = NO;
				CLANG_CXX_LANGUAGE_STANDARD = "gnu++0x";
				CLANG_CXX_LIBRARY = "libc++";
				CLANG_ENABLE_MODULES = YES;
				CLANG_ENABLE_OBJC_ARC = YES;
				CLANG_WARN_BOOL_CONVERSION = YES;
				CLANG_WARN_CONSTANT_CONVERSION = YES;
				CLANG_WARN_DIRECT_OBJC_ISA_USAGE = YES_ERROR;
				CLANG_WARN_EMPTY_BODY = YES;
				CLANG_WARN_ENUM_CONVERSION = YES;
				CLANG_WARN_INT_CONVERSION = YES;
				CLANG_WARN_OBJC_ROOT_CLASS = YES_ERROR;
				CLANG_WARN_UNREACHABLE_CODE = YES;
				CLANG_WARN__DUPLICATE_METHOD_MATCH = YES;
				"CODE_SIGN_IDENTITY[sdk=iphoneos*]" = "iPhone Developer";
				COPY_PHASE_STRIP = NO;
				DEBUG_INFORMATION_FORMAT = "dwarf-with-dsym";
				ENABLE_NS_ASSERTIONS = NO;
				ENABLE_STRICT_OBJC_MSGSEND = YES;
				GCC_C_LANGUAGE_STANDARD = gnu99;
				GCC_NO_COMMON_BLOCKS = YES;
				GCC_WARN_64_TO_32_BIT_CONVERSION = YES;
				GCC_WARN_ABOUT_RETURN_TYPE = YES_ERROR;
				GCC_WARN_UNDECLARED_SELECTOR = YES;
				GCC_WARN_UNINITIALIZED_AUTOS = YES_AGGRESSIVE;
				GCC_WARN_UNUSED_FUNCTION = YES;
				GCC_WARN_UNUSED_VARIABLE = YES;
				IPHONEOS_DEPLOYMENT_TARGET = 8.3;
				MTL_ENABLE_DEBUG_INFO = NO;
				SDKROOT = iphoneos;
				TARGETED_DEVICE_FAMILY = "1,2";
				VALIDATE_PRODUCT = YES;
			};
			name = Release;
		};
		65C001541AEB2C5200B3D6BF /* Debug */ = {
			isa = XCBuildConfiguration;
			buildSettings = {
				ASSETCATALOG_COMPILER_APPICON_NAME = AppIcon;
				INFOPLIST_FILE = sampleGame/Info.plist;
				LD_RUNPATH_SEARCH_PATHS = "$(inherited) @executable_path/Frameworks";
				PRODUCT_NAME = "$(TARGET_NAME)";
			};
			name = Debug;
		};
		65C001551AEB2C5200B3D6BF /* Release */ = {
			isa = XCBuildConfiguration;
			buildSettings = {
				ASSETCATALOG_COMPILER_APPICON_NAME = AppIcon;
				INFOPLIST_FILE = sampleGame/Info.plist;
				LD_RUNPATH_SEARCH_PATHS = "$(inherited) @executable_path/Frameworks";
				PRODUCT_NAME = "$(TARGET_NAME)";
			};
			name = Release;
		};
		65C001571AEB2C5200B3D6BF /* Debug */ = {
			isa = XCBuildConfiguration;
			buildSettings = {
				BUNDLE_LOADER = "$(TEST_HOST)";
				FRAMEWORK_SEARCH_PATHS = (
					"$(SDKROOT)/Developer/Library/Frameworks",
					"$(inherited)",
				);
				GCC_PREPROCESSOR_DEFINITIONS = (
					"DEBUG=1",
					"$(inherited)",
				);
				INFOPLIST_FILE = sampleGameTests/Info.plist;
				LD_RUNPATH_SEARCH_PATHS = "$(inherited) @executable_path/Frameworks @loader_path/Frameworks";
				PRODUCT_NAME = "$(TARGET_NAME)";
				TEST_HOST = "$(BUILT_PRODUCTS_DIR)/sampleGame.app/sampleGame";
			};
			name = Debug;
		};
		65C001581AEB2C5200B3D6BF /* Release */ = {
			isa = XCBuildConfiguration;
			buildSettings = {
				BUNDLE_LOADER = "$(TEST_HOST)";
				FRAMEWORK_SEARCH_PATHS = (
					"$(SDKROOT)/Developer/Library/Frameworks",
					"$(inherited)",
				);
				INFOPLIST_FILE = sampleGameTests/Info.plist;
				LD_RUNPATH_SEARCH_PATHS = "$(inherited) @executable_path/Frameworks @loader_path/Frameworks";
				PRODUCT_NAME = "$(TARGET_NAME)";
				TEST_HOST = "$(BUILT_PRODUCTS_DIR)/sampleGame.app/sampleGame";
			};
			name = Release;
		};
/* End XCBuildConfiguration section */

/* Begin XCConfigurationList section */
		65C001261AEB2C5100B3D6BF /* Build configuration list for PBXProject "sampleGame" */ = {
			isa = XCConfigurationList;
			buildConfigurations = (
				65C001511AEB2C5200B3D6BF /* Debug */,
				65C001521AEB2C5200B3D6BF /* Release */,
			);
			defaultConfigurationIsVisible = 0;
			defaultConfigurationName = Release;
		};
		65C001531AEB2C5200B3D6BF /* Build configuration list for PBXNativeTarget "sampleGame" */ = {
			isa = XCConfigurationList;
			buildConfigurations = (
				65C001541AEB2C5200B3D6BF /* Debug */,
				65C001551AEB2C5200B3D6BF /* Release */,
			);
			defaultConfigurationIsVisible = 0;
			defaultConfigurationName = Release;
		};
		65C001561AEB2C5200B3D6BF /* Build configuration list for PBXNativeTarget "sampleGameTests" */ = {
			isa = XCConfigurationList;
			buildConfigurations = (
				65C001571AEB2C5200B3D6BF /* Debug */,
				65C001581AEB2C5200B3D6BF /* Release */,
			);
			defaultConfigurationIsVisible = 0;
			defaultConfigurationName = Release;
		};
/* End XCConfigurationList section */
	};
	rootObject = 65C001231AEB2C5100B3D6BF /* Project object */;
}
